// !$*UTF8*$!
{
	archiveVersion = 1;
	classes = {
	};
	objectVersion = 55;
	objects = {

/* Begin PBXBuildFile section */
		3C6E112627BA20A100623109 /* DataManager.swift in Sources */ = {isa = PBXBuildFile; fileRef = 3C6E112527BA20A100623109 /* DataManager.swift */; };
		3C7EC8F727B89B94001AF463 /* AppDelegate.swift in Sources */ = {isa = PBXBuildFile; fileRef = 3C7EC8F627B89B94001AF463 /* AppDelegate.swift */; };
		3C7EC8F927B89B94001AF463 /* SceneDelegate.swift in Sources */ = {isa = PBXBuildFile; fileRef = 3C7EC8F827B89B94001AF463 /* SceneDelegate.swift */; };
		3C7EC8FB27B89B94001AF463 /* ViewController.swift in Sources */ = {isa = PBXBuildFile; fileRef = 3C7EC8FA27B89B94001AF463 /* ViewController.swift */; };
		3C7EC8FE27B89B94001AF463 /* Main.storyboard in Resources */ = {isa = PBXBuildFile; fileRef = 3C7EC8FC27B89B94001AF463 /* Main.storyboard */; };
		3C7EC90027B89B98001AF463 /* Assets.xcassets in Resources */ = {isa = PBXBuildFile; fileRef = 3C7EC8FF27B89B98001AF463 /* Assets.xcassets */; };
		3C7EC90327B89B98001AF463 /* LaunchScreen.storyboard in Resources */ = {isa = PBXBuildFile; fileRef = 3C7EC90127B89B98001AF463 /* LaunchScreen.storyboard */; };
		3C7EC90B27B8F4EE001AF463 /* Data.plist in Resources */ = {isa = PBXBuildFile; fileRef = 3C7EC90A27B8F4EE001AF463 /* Data.plist */; };
		3C7EC90D27B902BF001AF463 /* Place.swift in Sources */ = {isa = PBXBuildFile; fileRef = 3C7EC90C27B902BF001AF463 /* Place.swift */; };
		3C7EC90F27B90594001AF463 /* PlaceMarkerView.swift in Sources */ = {isa = PBXBuildFile; fileRef = 3C7EC90E27B90594001AF463 /* PlaceMarkerView.swift */; };
		3C7EC91127B9156C001AF463 /* FavoritesViewController.swift in Sources */ = {isa = PBXBuildFile; fileRef = 3C7EC91027B9156C001AF463 /* FavoritesViewController.swift */; };
/* End PBXBuildFile section */

/* Begin PBXFileReference section */
		3C6E112527BA20A100623109 /* DataManager.swift */ = {isa = PBXFileReference; lastKnownFileType = sourcecode.swift; path = DataManager.swift; sourceTree = "<group>"; };
		3C7EC8F327B89B94001AF463 /* My Kind of Town.app */ = {isa = PBXFileReference; explicitFileType = wrapper.application; includeInIndex = 0; path = "My Kind of Town.app"; sourceTree = BUILT_PRODUCTS_DIR; };
		3C7EC8F627B89B94001AF463 /* AppDelegate.swift */ = {isa = PBXFileReference; lastKnownFileType = sourcecode.swift; path = AppDelegate.swift; sourceTree = "<group>"; };
		3C7EC8F827B89B94001AF463 /* SceneDelegate.swift */ = {isa = PBXFileReference; lastKnownFileType = sourcecode.swift; path = SceneDelegate.swift; sourceTree = "<group>"; };
		3C7EC8FA27B89B94001AF463 /* ViewController.swift */ = {isa = PBXFileReference; lastKnownFileType = sourcecode.swift; path = ViewController.swift; sourceTree = "<group>"; };
		3C7EC8FD27B89B94001AF463 /* Base */ = {isa = PBXFileReference; lastKnownFileType = file.storyboard; name = Base; path = Base.lproj/Main.storyboard; sourceTree = "<group>"; };
		3C7EC8FF27B89B98001AF463 /* Assets.xcassets */ = {isa = PBXFileReference; lastKnownFileType = folder.assetcatalog; path = Assets.xcassets; sourceTree = "<group>"; };
		3C7EC90227B89B98001AF463 /* Base */ = {isa = PBXFileReference; lastKnownFileType = file.storyboard; name = Base; path = Base.lproj/LaunchScreen.storyboard; sourceTree = "<group>"; };
		3C7EC90427B89B98001AF463 /* Info.plist */ = {isa = PBXFileReference; lastKnownFileType = text.plist.xml; path = Info.plist; sourceTree = "<group>"; };
		3C7EC90A27B8F4EE001AF463 /* Data.plist */ = {isa = PBXFileReference; fileEncoding = 4; lastKnownFileType = text.plist.xml; path = Data.plist; sourceTree = "<group>"; };
		3C7EC90C27B902BF001AF463 /* Place.swift */ = {isa = PBXFileReference; lastKnownFileType = sourcecode.swift; path = Place.swift; sourceTree = "<group>"; };
		3C7EC90E27B90594001AF463 /* PlaceMarkerView.swift */ = {isa = PBXFileReference; lastKnownFileType = sourcecode.swift; path = PlaceMarkerView.swift; sourceTree = "<group>"; };
		3C7EC91027B9156C001AF463 /* FavoritesViewController.swift */ = {isa = PBXFileReference; lastKnownFileType = sourcecode.swift; path = FavoritesViewController.swift; sourceTree = "<group>"; };
/* End PBXFileReference section */

/* Begin PBXFrameworksBuildPhase section */
		3C7EC8F027B89B94001AF463 /* Frameworks */ = {
			isa = PBXFrameworksBuildPhase;
			buildActionMask = 2147483647;
			files = (
			);
			runOnlyForDeploymentPostprocessing = 0;
		};
/* End PBXFrameworksBuildPhase section */

/* Begin PBXGroup section */
		3C7EC8EA27B89B93001AF463 = {
			isa = PBXGroup;
			children = (
				3C7EC8F527B89B94001AF463 /* My Kind of Town */,
				3C7EC8F427B89B94001AF463 /* Products */,
			);
			sourceTree = "<group>";
		};
		3C7EC8F427B89B94001AF463 /* Products */ = {
			isa = PBXGroup;
			children = (
				3C7EC8F327B89B94001AF463 /* My Kind of Town.app */,
			);
			name = Products;
			sourceTree = "<group>";
		};
		3C7EC8F527B89B94001AF463 /* My Kind of Town */ = {
			isa = PBXGroup;
			children = (
				3C7EC8F627B89B94001AF463 /* AppDelegate.swift */,
				3C7EC8F827B89B94001AF463 /* SceneDelegate.swift */,
				3C7EC8FA27B89B94001AF463 /* ViewController.swift */,
				3C7EC91027B9156C001AF463 /* FavoritesViewController.swift */,
				3C6E112527BA20A100623109 /* DataManager.swift */,
				3C7EC90C27B902BF001AF463 /* Place.swift */,
				3C7EC90E27B90594001AF463 /* PlaceMarkerView.swift */,
				3C7EC8FC27B89B94001AF463 /* Main.storyboard */,
				3C7EC8FF27B89B98001AF463 /* Assets.xcassets */,
				3C7EC90127B89B98001AF463 /* LaunchScreen.storyboard */,
				3C7EC90427B89B98001AF463 /* Info.plist */,
				3C7EC90A27B8F4EE001AF463 /* Data.plist */,
			);
			path = "My Kind of Town";
			sourceTree = "<group>";
		};
/* End PBXGroup section */

/* Begin PBXNativeTarget section */
		3C7EC8F227B89B94001AF463 /* My Kind of Town */ = {
			isa = PBXNativeTarget;
			buildConfigurationList = 3C7EC90727B89B98001AF463 /* Build configuration list for PBXNativeTarget "My Kind of Town" */;
			buildPhases = (
				3C7EC8EF27B89B94001AF463 /* Sources */,
				3C7EC8F027B89B94001AF463 /* Frameworks */,
				3C7EC8F127B89B94001AF463 /* Resources */,
			);
			buildRules = (
			);
			dependencies = (
			);
			name = "My Kind of Town";
			productName = "My Kind of Town";
			productReference = 3C7EC8F327B89B94001AF463 /* My Kind of Town.app */;
			productType = "com.apple.product-type.application";
		};
/* End PBXNativeTarget section */

/* Begin PBXProject section */
		3C7EC8EB27B89B94001AF463 /* Project object */ = {
			isa = PBXProject;
			attributes = {
				BuildIndependentTargetsInParallel = 1;
				LastSwiftUpdateCheck = 1320;
				LastUpgradeCheck = 1320;
				TargetAttributes = {
					3C7EC8F227B89B94001AF463 = {
						CreatedOnToolsVersion = 13.2.1;
					};
				};
			};
			buildConfigurationList = 3C7EC8EE27B89B94001AF463 /* Build configuration list for PBXProject "My Kind of Town" */;
			compatibilityVersion = "Xcode 13.0";
			developmentRegion = en;
			hasScannedForEncodings = 0;
			knownRegions = (
				en,
				Base,
			);
			mainGroup = 3C7EC8EA27B89B93001AF463;
			productRefGroup = 3C7EC8F427B89B94001AF463 /* Products */;
			projectDirPath = "";
			projectRoot = "";
			targets = (
				3C7EC8F227B89B94001AF463 /* My Kind of Town */,
			);
		};
/* End PBXProject section */

/* Begin PBXResourcesBuildPhase section */
		3C7EC8F127B89B94001AF463 /* Resources */ = {
			isa = PBXResourcesBuildPhase;
			buildActionMask = 2147483647;
			files = (
				3C7EC90327B89B98001AF463 /* LaunchScreen.storyboard in Resources */,
				3C7EC90027B89B98001AF463 /* Assets.xcassets in Resources */,
				3C7EC90B27B8F4EE001AF463 /* Data.plist in Resources */,
				3C7EC8FE27B89B94001AF463 /* Main.storyboard in Resources */,
			);
			runOnlyForDeploymentPostprocessing = 0;
		};
/* End PBXResourcesBuildPhase section */

/* Begin PBXSourcesBuildPhase section */
		3C7EC8EF27B89B94001AF463 /* Sources */ = {
			isa = PBXSourcesBuildPhase;
			buildActionMask = 2147483647;
			files = (
				3C7EC8FB27B89B94001AF463 /* ViewController.swift in Sources */,
				3C7EC8F727B89B94001AF463 /* AppDelegate.swift in Sources */,
				3C7EC90F27B90594001AF463 /* PlaceMarkerView.swift in Sources */,
				3C6E112627BA20A100623109 /* DataManager.swift in Sources */,
				3C7EC8F927B89B94001AF463 /* SceneDelegate.swift in Sources */,
				3C7EC91127B9156C001AF463 /* FavoritesViewController.swift in Sources */,
				3C7EC90D27B902BF001AF463 /* Place.swift in Sources */,
			);
			runOnlyForDeploymentPostprocessing = 0;
		};
/* End PBXSourcesBuildPhase section */

/* Begin PBXVariantGroup section */
		3C7EC8FC27B89B94001AF463 /* Main.storyboard */ = {
			isa = PBXVariantGroup;
			children = (
				3C7EC8FD27B89B94001AF463 /* Base */,
			);
			name = Main.storyboard;
			sourceTree = "<group>";
		};
		3C7EC90127B89B98001AF463 /* LaunchScreen.storyboard */ = {
			isa = PBXVariantGroup;
			children = (
				3C7EC90227B89B98001AF463 /* Base */,
			);
			name = LaunchScreen.storyboard;
			sourceTree = "<group>";
		};
/* End PBXVariantGroup section */

/* Begin XCBuildConfiguration section */
		3C7EC90527B89B98001AF463 /* Debug */ = {
			isa = XCBuildConfiguration;
			buildSettings = {
				ALWAYS_SEARCH_USER_PATHS = NO;
				CLANG_ANALYZER_NONNULL = YES;
				CLANG_ANALYZER_NUMBER_OBJECT_CONVERSION = YES_AGGRESSIVE;
				CLANG_CXX_LANGUAGE_STANDARD = "gnu++17";
				CLANG_CXX_LIBRARY = "libc++";
				CLANG_ENABLE_MODULES = YES;
				CLANG_ENABLE_OBJC_ARC = YES;
				CLANG_ENABLE_OBJC_WEAK = YES;
				CLANG_WARN_BLOCK_CAPTURE_AUTORELEASING = YES;
				CLANG_WARN_BOOL_CONVERSION = YES;
				CLANG_WARN_COMMA = YES;
				CLANG_WARN_CONSTANT_CONVERSION = YES;
				CLANG_WARN_DEPRECATED_OBJC_IMPLEMENTATIONS = YES;
				CLANG_WARN_DIRECT_OBJC_ISA_USAGE = YES_ERROR;
				CLANG_WARN_DOCUMENTATION_COMMENTS = YES;
				CLANG_WARN_EMPTY_BODY = YES;
				CLANG_WARN_ENUM_CONVERSION = YES;
				CLANG_WARN_INFINITE_RECURSION = YES;
				CLANG_WARN_INT_CONVERSION = YES;
				CLANG_WARN_NON_LITERAL_NULL_CONVERSION = YES;
				CLANG_WARN_OBJC_IMPLICIT_RETAIN_SELF = YES;
				CLANG_WARN_OBJC_LITERAL_CONVERSION = YES;
				CLANG_WARN_OBJC_ROOT_CLASS = YES_ERROR;
				CLANG_WARN_QUOTED_INCLUDE_IN_FRAMEWORK_HEADER = YES;
				CLANG_WARN_RANGE_LOOP_ANALYSIS = YES;
				CLANG_WARN_STRICT_PROTOTYPES = YES;
				CLANG_WARN_SUSPICIOUS_MOVE = YES;
				CLANG_WARN_UNGUARDED_AVAILABILITY = YES_AGGRESSIVE;
				CLANG_WARN_UNREACHABLE_CODE = YES;
				CLANG_WARN__DUPLICATE_METHOD_MATCH = YES;
				COPY_PHASE_STRIP = NO;
				DEBUG_INFORMATION_FORMAT = dwarf;
				ENABLE_STRICT_OBJC_MSGSEND = YES;
				ENABLE_TESTABILITY = YES;
				GCC_C_LANGUAGE_STANDARD = gnu11;
				GCC_DYNAMIC_NO_PIC = NO;
				GCC_NO_COMMON_BLOCKS = YES;
				GCC_OPTIMIZATION_LEVEL = 0;
				GCC_PREPROCESSOR_DEFINITIONS = (
					"DEBUG=1",
					"$(inherited)",
				);
				GCC_WARN_64_TO_32_BIT_CONVERSION = YES;
				GCC_WARN_ABOUT_RETURN_TYPE = YES_ERROR;
				GCC_WARN_UNDECLARED_SELECTOR = YES;
				GCC_WARN_UNINITIALIZED_AUTOS = YES_AGGRESSIVE;
				GCC_WARN_UNUSED_FUNCTION = YES;
				GCC_WARN_UNUSED_VARIABLE = YES;
				IPHONEOS_DEPLOYMENT_TARGET = 15.2;
				MTL_ENABLE_DEBUG_INFO = INCLUDE_SOURCE;
				MTL_FAST_MATH = YES;
				ONLY_ACTIVE_ARCH = YES;
				SDKROOT = iphoneos;
				SWIFT_ACTIVE_COMPILATION_CONDITIONS = DEBUG;
				SWIFT_OPTIMIZATION_LEVEL = "-Onone";
			};
			name = Debug;
		};
		3C7EC90627B89B98001AF463 /* Release */ = {
			isa = XCBuildConfiguration;
			buildSettings = {
				ALWAYS_SEARCH_USER_PATHS = NO;
				CLANG_ANALYZER_NONNULL = YES;
				CLANG_ANALYZER_NUMBER_OBJECT_CONVERSION = YES_AGGRESSIVE;
				CLANG_CXX_LANGUAGE_STANDARD = "gnu++17";
				CLANG_CXX_LIBRARY = "libc++";
				CLANG_ENABLE_MODULES = YES;
				CLANG_ENABLE_OBJC_ARC = YES;
				CLANG_ENABLE_OBJC_WEAK = YES;
				CLANG_WARN_BLOCK_CAPTURE_AUTORELEASING = YES;
				CLANG_WARN_BOOL_CONVERSION = YES;
				CLANG_WARN_COMMA = YES;
				CLANG_WARN_CONSTANT_CONVERSION = YES;
				CLANG_WARN_DEPRECATED_OBJC_IMPLEMENTATIONS = YES;
				CLANG_WARN_DIRECT_OBJC_ISA_USAGE = YES_ERROR;
				CLANG_WARN_DOCUMENTATION_COMMENTS = YES;
				CLANG_WARN_EMPTY_BODY = YES;
				CLANG_WARN_ENUM_CONVERSION = YES;
				CLANG_WARN_INFINITE_RECURSION = YES;
				CLANG_WARN_INT_CONVERSION = YES;
				CLANG_WARN_NON_LITERAL_NULL_CONVERSION = YES;
				CLANG_WARN_OBJC_IMPLICIT_RETAIN_SELF = YES;
				CLANG_WARN_OBJC_LITERAL_CONVERSION = YES;
				CLANG_WARN_OBJC_ROOT_CLASS = YES_ERROR;
				CLANG_WARN_QUOTED_INCLUDE_IN_FRAMEWORK_HEADER = YES;
				CLANG_WARN_RANGE_LOOP_ANALYSIS = YES;
				CLANG_WARN_STRICT_PROTOTYPES = YES;
				CLANG_WARN_SUSPICIOUS_MOVE = YES;
				CLANG_WARN_UNGUARDED_AVAILABILITY = YES_AGGRESSIVE;
				CLANG_WARN_UNREACHABLE_CODE = YES;
				CLANG_WARN__DUPLICATE_METHOD_MATCH = YES;
				COPY_PHASE_STRIP = NO;
				DEBUG_INFORMATION_FORMAT = "dwarf-with-dsym";
				ENABLE_NS_ASSERTIONS = NO;
				ENABLE_STRICT_OBJC_MSGSEND = YES;
				GCC_C_LANGUAGE_STANDARD = gnu11;
				GCC_NO_COMMON_BLOCKS = YES;
				GCC_WARN_64_TO_32_BIT_CONVERSION = YES;
				GCC_WARN_ABOUT_RETURN_TYPE = YES_ERROR;
				GCC_WARN_UNDECLARED_SELECTOR = YES;
				GCC_WARN_UNINITIALIZED_AUTOS = YES_AGGRESSIVE;
				GCC_WARN_UNUSED_FUNCTION = YES;
				GCC_WARN_UNUSED_VARIABLE = YES;
				IPHONEOS_DEPLOYMENT_TARGET = 15.2;
				MTL_ENABLE_DEBUG_INFO = NO;
				MTL_FAST_MATH = YES;
				SDKROOT = iphoneos;
				SWIFT_COMPILATION_MODE = wholemodule;
				SWIFT_OPTIMIZATION_LEVEL = "-O";
				VALIDATE_PRODUCT = YES;
			};
			name = Release;
		};
		3C7EC90827B89B98001AF463 /* Debug */ = {
			isa = XCBuildConfiguration;
			buildSettings = {
				ASSETCATALOG_COMPILER_APPICON_NAME = AppIcon;
				ASSETCATALOG_COMPILER_GLOBAL_ACCENT_COLOR_NAME = AccentColor;
				CODE_SIGN_STYLE = Automatic;
				CURRENT_PROJECT_VERSION = 1;
				DEVELOPMENT_TEAM = JK424X8NDF;
				GENERATE_INFOPLIST_FILE = YES;
				INFOPLIST_FILE = "My Kind of Town/Info.plist";
				INFOPLIST_KEY_UIApplicationSupportsIndirectInputEvents = YES;
				INFOPLIST_KEY_UILaunchStoryboardName = LaunchScreen;
				INFOPLIST_KEY_UIMainStoryboardFile = Main;
				INFOPLIST_KEY_UISupportedInterfaceOrientations = "UIInterfaceOrientationPortrait UIInterfaceOrientationLandscapeLeft";
				INFOPLIST_KEY_UISupportedInterfaceOrientations_iPad = "UIInterfaceOrientationPortrait UIInterfaceOrientationPortraitUpsideDown UIInterfaceOrientationLandscapeLeft UIInterfaceOrientationLandscapeRight";
				INFOPLIST_KEY_UISupportedInterfaceOrientations_iPhone = "UIInterfaceOrientationPortrait UIInterfaceOrientationLandscapeLeft UIInterfaceOrientationLandscapeRight";
				LD_RUNPATH_SEARCH_PATHS = (
					"$(inherited)",
					"@executable_path/Frameworks",
				);
				MARKETING_VERSION = 1.0;
				PRODUCT_BUNDLE_IDENTIFIER = "uchicago.My-Kind-of-Town";
				PRODUCT_NAME = "$(TARGET_NAME)";
				SWIFT_EMIT_LOC_STRINGS = YES;
				SWIFT_VERSION = 5.0;
				TARGETED_DEVICE_FAMILY = "1,2";
			};
			name = Debug;
		};
		3C7EC90927B89B98001AF463 /* Release */ = {
			isa = XCBuildConfiguration;
			buildSettings = {
				ASSETCATALOG_COMPILER_APPICON_NAME = AppIcon;
				ASSETCATALOG_COMPILER_GLOBAL_ACCENT_COLOR_NAME = AccentColor;
				CODE_SIGN_STYLE = Automatic;
				CURRENT_PROJECT_VERSION = 1;
				DEVELOPMENT_TEAM = JK424X8NDF;
				GENERATE_INFOPLIST_FILE = YES;
				INFOPLIST_FILE = "My Kind of Town/Info.plist";
				INFOPLIST_KEY_UIApplicationSupportsIndirectInputEvents = YES;
				INFOPLIST_KEY_UILaunchStoryboardName = LaunchScreen;
				INFOPLIST_KEY_UIMainStoryboardFile = Main;
				INFOPLIST_KEY_UISupportedInterfaceOrientations = "UIInterfaceOrientationPortrait UIInterfaceOrientationLandscapeLeft";
				INFOPLIST_KEY_UISupportedInterfaceOrientations_iPad = "UIInterfaceOrientationPortrait UIInterfaceOrientationPortraitUpsideDown UIInterfaceOrientationLandscapeLeft UIInterfaceOrientationLandscapeRight";
				INFOPLIST_KEY_UISupportedInterfaceOrientations_iPhone = "UIInterfaceOrientationPortrait UIInterfaceOrientationLandscapeLeft UIInterfaceOrientationLandscapeRight";
				LD_RUNPATH_SEARCH_PATHS = (
					"$(inherited)",
					"@executable_path/Frameworks",
				);
				MARKETING_VERSION = 1.0;
				PRODUCT_BUNDLE_IDENTIFIER = "uchicago.My-Kind-of-Town";
				PRODUCT_NAME = "$(TARGET_NAME)";
				SWIFT_EMIT_LOC_STRINGS = YES;
				SWIFT_VERSION = 5.0;
				TARGETED_DEVICE_FAMILY = "1,2";
			};
			name = Release;
		};
/* End XCBuildConfiguration section */

/* Begin XCConfigurationList section */
		3C7EC8EE27B89B94001AF463 /* Build configuration list for PBXProject "My Kind of Town" */ = {
			isa = XCConfigurationList;
			buildConfigurations = (
				3C7EC90527B89B98001AF463 /* Debug */,
				3C7EC90627B89B98001AF463 /* Release */,
			);
			defaultConfigurationIsVisible = 0;
			defaultConfigurationName = Release;
		};
		3C7EC90727B89B98001AF463 /* Build configuration list for PBXNativeTarget "My Kind of Town" */ = {
			isa = XCConfigurationList;
			buildConfigurations = (
				3C7EC90827B89B98001AF463 /* Debug */,
				3C7EC90927B89B98001AF463 /* Release */,
			);
			defaultConfigurationIsVisible = 0;
			defaultConfigurationName = Release;
		};
/* End XCConfigurationList section */
	};
	rootObject = 3C7EC8EB27B89B94001AF463 /* Project object */;
}
