// !$*UTF8*$!
{
	archiveVersion = 1;
	classes = {
	};
	objectVersion = 55;
	objects = {

/* Begin PBXBuildFile section */
		3C49A4EA27902333003E5E27 /* AppDelegate.swift in Sources */ = {isa = PBXBuildFile; fileRef = 3C49A4E927902333003E5E27 /* AppDelegate.swift */; };
		3C49A4EC27902333003E5E27 /* SceneDelegate.swift in Sources */ = {isa = PBXBuildFile; fileRef = 3C49A4EB27902333003E5E27 /* SceneDelegate.swift */; };
		3C49A4EE27902333003E5E27 /* ViewController.swift in Sources */ = {isa = PBXBuildFile; fileRef = 3C49A4ED27902333003E5E27 /* ViewController.swift */; };
		3C49A4F127902333003E5E27 /* Main.storyboard in Resources */ = {isa = PBXBuildFile; fileRef = 3C49A4EF27902333003E5E27 /* Main.storyboard */; };
		3C49A4F32790233B003E5E27 /* Assets.xcassets in Resources */ = {isa = PBXBuildFile; fileRef = 3C49A4F22790233B003E5E27 /* Assets.xcassets */; };
		3C49A4F62790233B003E5E27 /* LaunchScreen.storyboard in Resources */ = {isa = PBXBuildFile; fileRef = 3C49A4F42790233B003E5E27 /* LaunchScreen.storyboard */; };
		3C49A51F27902747003E5E27 /* nssl0051.jpeg in Resources */ = {isa = PBXBuildFile; fileRef = 3C49A51527902747003E5E27 /* nssl0051.jpeg */; };
		3C49A52027902747003E5E27 /* nssl0046.jpeg in Resources */ = {isa = PBXBuildFile; fileRef = 3C49A51627902747003E5E27 /* nssl0046.jpeg */; };
		3C49A52127902747003E5E27 /* nssl0041.jpeg in Resources */ = {isa = PBXBuildFile; fileRef = 3C49A51727902747003E5E27 /* nssl0041.jpeg */; };
		3C49A52227902747003E5E27 /* nssl0034.jpeg in Resources */ = {isa = PBXBuildFile; fileRef = 3C49A51827902747003E5E27 /* nssl0034.jpeg */; };
		3C49A52327902747003E5E27 /* nssl0043.jpeg in Resources */ = {isa = PBXBuildFile; fileRef = 3C49A51927902747003E5E27 /* nssl0043.jpeg */; };
		3C49A52427902747003E5E27 /* nssl0042.jpeg in Resources */ = {isa = PBXBuildFile; fileRef = 3C49A51A27902747003E5E27 /* nssl0042.jpeg */; };
		3C49A52527902747003E5E27 /* nssl0045.jpeg in Resources */ = {isa = PBXBuildFile; fileRef = 3C49A51B27902747003E5E27 /* nssl0045.jpeg */; };
		3C49A52627902747003E5E27 /* nssl0049.jpeg in Resources */ = {isa = PBXBuildFile; fileRef = 3C49A51C27902747003E5E27 /* nssl0049.jpeg */; };
		3C49A52727902747003E5E27 /* nssl0033.jpeg in Resources */ = {isa = PBXBuildFile; fileRef = 3C49A51D27902747003E5E27 /* nssl0033.jpeg */; };
		3C49A52827902747003E5E27 /* nssl0091.jpeg in Resources */ = {isa = PBXBuildFile; fileRef = 3C49A51E27902747003E5E27 /* nssl0091.jpeg */; };
		3C7818072791251E00E0B431 /* DetailViewController.swift in Sources */ = {isa = PBXBuildFile; fileRef = 3C7818062791251E00E0B431 /* DetailViewController.swift */; };
/* End PBXBuildFile section */

/* Begin PBXFileReference section */
		3C49A4E627902333003E5E27 /* project1.app */ = {isa = PBXFileReference; explicitFileType = wrapper.application; includeInIndex = 0; path = project1.app; sourceTree = BUILT_PRODUCTS_DIR; };
		3C49A4E927902333003E5E27 /* AppDelegate.swift */ = {isa = PBXFileReference; lastKnownFileType = sourcecode.swift; path = AppDelegate.swift; sourceTree = "<group>"; };
		3C49A4EB27902333003E5E27 /* SceneDelegate.swift */ = {isa = PBXFileReference; lastKnownFileType = sourcecode.swift; path = SceneDelegate.swift; sourceTree = "<group>"; };
		3C49A4ED27902333003E5E27 /* ViewController.swift */ = {isa = PBXFileReference; lastKnownFileType = sourcecode.swift; path = ViewController.swift; sourceTree = "<group>"; };
		3C49A4F027902333003E5E27 /* Base */ = {isa = PBXFileReference; lastKnownFileType = file.storyboard; name = Base; path = Base.lproj/Main.storyboard; sourceTree = "<group>"; };
		3C49A4F22790233B003E5E27 /* Assets.xcassets */ = {isa = PBXFileReference; lastKnownFileType = folder.assetcatalog; path = Assets.xcassets; sourceTree = "<group>"; };
		3C49A4F52790233B003E5E27 /* Base */ = {isa = PBXFileReference; lastKnownFileType = file.storyboard; name = Base; path = Base.lproj/LaunchScreen.storyboard; sourceTree = "<group>"; };
		3C49A4F72790233B003E5E27 /* Info.plist */ = {isa = PBXFileReference; lastKnownFileType = text.plist.xml; path = Info.plist; sourceTree = "<group>"; };
		3C49A51527902747003E5E27 /* nssl0051.jpeg */ = {isa = PBXFileReference; lastKnownFileType = image.jpeg; path = nssl0051.jpeg; sourceTree = "<group>"; };
		3C49A51627902747003E5E27 /* nssl0046.jpeg */ = {isa = PBXFileReference; lastKnownFileType = image.jpeg; path = nssl0046.jpeg; sourceTree = "<group>"; };
		3C49A51727902747003E5E27 /* nssl0041.jpeg */ = {isa = PBXFileReference; lastKnownFileType = image.jpeg; path = nssl0041.jpeg; sourceTree = "<group>"; };
		3C49A51827902747003E5E27 /* nssl0034.jpeg */ = {isa = PBXFileReference; lastKnownFileType = image.jpeg; path = nssl0034.jpeg; sourceTree = "<group>"; };
		3C49A51927902747003E5E27 /* nssl0043.jpeg */ = {isa = PBXFileReference; lastKnownFileType = image.jpeg; path = nssl0043.jpeg; sourceTree = "<group>"; };
		3C49A51A27902747003E5E27 /* nssl0042.jpeg */ = {isa = PBXFileReference; lastKnownFileType = image.jpeg; path = nssl0042.jpeg; sourceTree = "<group>"; };
		3C49A51B27902747003E5E27 /* nssl0045.jpeg */ = {isa = PBXFileReference; lastKnownFileType = image.jpeg; path = nssl0045.jpeg; sourceTree = "<group>"; };
		3C49A51C27902747003E5E27 /* nssl0049.jpeg */ = {isa = PBXFileReference; lastKnownFileType = image.jpeg; path = nssl0049.jpeg; sourceTree = "<group>"; };
		3C49A51D27902747003E5E27 /* nssl0033.jpeg */ = {isa = PBXFileReference; lastKnownFileType = image.jpeg; path = nssl0033.jpeg; sourceTree = "<group>"; };
		3C49A51E27902747003E5E27 /* nssl0091.jpeg */ = {isa = PBXFileReference; lastKnownFileType = image.jpeg; path = nssl0091.jpeg; sourceTree = "<group>"; };
		3C7818062791251E00E0B431 /* DetailViewController.swift */ = {isa = PBXFileReference; lastKnownFileType = sourcecode.swift; path = DetailViewController.swift; sourceTree = "<group>"; };
/* End PBXFileReference section */

/* Begin PBXFrameworksBuildPhase section */
		3C49A4E327902333003E5E27 /* Frameworks */ = {
			isa = PBXFrameworksBuildPhase;
			buildActionMask = 2147483647;
			files = (
			);
			runOnlyForDeploymentPostprocessing = 0;
		};
/* End PBXFrameworksBuildPhase section */

/* Begin PBXGroup section */
		3C49A4DD27902333003E5E27 = {
			isa = PBXGroup;
			children = (
				3C49A4E827902333003E5E27 /* project1 */,
				3C49A4E727902333003E5E27 /* Products */,
			);
			sourceTree = "<group>";
		};
		3C49A4E727902333003E5E27 /* Products */ = {
			isa = PBXGroup;
			children = (
				3C49A4E627902333003E5E27 /* project1.app */,
			);
			name = Products;
			sourceTree = "<group>";
		};
		3C49A4E827902333003E5E27 /* project1 */ = {
			isa = PBXGroup;
			children = (
				3C49A4E927902333003E5E27 /* AppDelegate.swift */,
				3C49A4EB27902333003E5E27 /* SceneDelegate.swift */,
				3C49A4ED27902333003E5E27 /* ViewController.swift */,
				3C7818062791251E00E0B431 /* DetailViewController.swift */,
				3C49A4EF27902333003E5E27 /* Main.storyboard */,
				3C49A4F22790233B003E5E27 /* Assets.xcassets */,
				3C49A4F42790233B003E5E27 /* LaunchScreen.storyboard */,
				3C49A4F72790233B003E5E27 /* Info.plist */,
				3C49A51427902747003E5E27 /* content */,
			);
			path = project1;
			sourceTree = "<group>";
		};
		3C49A51427902747003E5E27 /* content */ = {
			isa = PBXGroup;
			children = (
				3C49A51527902747003E5E27 /* nssl0051.jpeg */,
				3C49A51627902747003E5E27 /* nssl0046.jpeg */,
				3C49A51727902747003E5E27 /* nssl0041.jpeg */,
				3C49A51827902747003E5E27 /* nssl0034.jpeg */,
				3C49A51927902747003E5E27 /* nssl0043.jpeg */,
				3C49A51A27902747003E5E27 /* nssl0042.jpeg */,
				3C49A51B27902747003E5E27 /* nssl0045.jpeg */,
				3C49A51C27902747003E5E27 /* nssl0049.jpeg */,
				3C49A51D27902747003E5E27 /* nssl0033.jpeg */,
				3C49A51E27902747003E5E27 /* nssl0091.jpeg */,
			);
			name = content;
			path = ../../../../Downloads/content;
			sourceTree = "<group>";
		};
/* End PBXGroup section */

/* Begin PBXNativeTarget section */
		3C49A4E527902333003E5E27 /* project1 */ = {
			isa = PBXNativeTarget;
			buildConfigurationList = 3C49A4FA2790233B003E5E27 /* Build configuration list for PBXNativeTarget "project1" */;
			buildPhases = (
				3C49A4E227902333003E5E27 /* Sources */,
				3C49A4E327902333003E5E27 /* Frameworks */,
				3C49A4E427902333003E5E27 /* Resources */,
			);
			buildRules = (
			);
			dependencies = (
			);
			name = project1;
			productName = project1;
			productReference = 3C49A4E627902333003E5E27 /* project1.app */;
			productType = "com.apple.product-type.application";
		};
/* End PBXNativeTarget section */

/* Begin PBXProject section */
		3C49A4DE27902333003E5E27 /* Project object */ = {
			isa = PBXProject;
			attributes = {
				BuildIndependentTargetsInParallel = 1;
				LastSwiftUpdateCheck = 1320;
				LastUpgradeCheck = 1320;
				TargetAttributes = {
					3C49A4E527902333003E5E27 = {
						CreatedOnToolsVersion = 13.2.1;
					};
				};
			};
			buildConfigurationList = 3C49A4E127902333003E5E27 /* Build configuration list for PBXProject "project1" */;
			compatibilityVersion = "Xcode 13.0";
			developmentRegion = en;
			hasScannedForEncodings = 0;
			knownRegions = (
				en,
				Base,
			);
			mainGroup = 3C49A4DD27902333003E5E27;
			productRefGroup = 3C49A4E727902333003E5E27 /* Products */;
			projectDirPath = "";
			projectRoot = "";
			targets = (
				3C49A4E527902333003E5E27 /* project1 */,
			);
		};
/* End PBXProject section */

/* Begin PBXResourcesBuildPhase section */
		3C49A4E427902333003E5E27 /* Resources */ = {
			isa = PBXResourcesBuildPhase;
			buildActionMask = 2147483647;
			files = (
				3C49A52327902747003E5E27 /* nssl0043.jpeg in Resources */,
				3C49A4F62790233B003E5E27 /* LaunchScreen.storyboard in Resources */,
				3C49A52027902747003E5E27 /* nssl0046.jpeg in Resources */,
				3C49A52227902747003E5E27 /* nssl0034.jpeg in Resources */,
				3C49A52127902747003E5E27 /* nssl0041.jpeg in Resources */,
				3C49A4F32790233B003E5E27 /* Assets.xcassets in Resources */,
				3C49A52527902747003E5E27 /* nssl0045.jpeg in Resources */,
				3C49A4F127902333003E5E27 /* Main.storyboard in Resources */,
				3C49A51F27902747003E5E27 /* nssl0051.jpeg in Resources */,
				3C49A52827902747003E5E27 /* nssl0091.jpeg in Resources */,
				3C49A52627902747003E5E27 /* nssl0049.jpeg in Resources */,
				3C49A52427902747003E5E27 /* nssl0042.jpeg in Resources */,
				3C49A52727902747003E5E27 /* nssl0033.jpeg in Resources */,
			);
			runOnlyForDeploymentPostprocessing = 0;
		};
/* End PBXResourcesBuildPhase section */

/* Begin PBXSourcesBuildPhase section */
		3C49A4E227902333003E5E27 /* Sources */ = {
			isa = PBXSourcesBuildPhase;
			buildActionMask = 2147483647;
			files = (
				3C49A4EE27902333003E5E27 /* ViewController.swift in Sources */,
				3C49A4EA27902333003E5E27 /* AppDelegate.swift in Sources */,
				3C49A4EC27902333003E5E27 /* SceneDelegate.swift in Sources */,
				3C7818072791251E00E0B431 /* DetailViewController.swift in Sources */,
			);
			runOnlyForDeploymentPostprocessing = 0;
		};
/* End PBXSourcesBuildPhase section */

/* Begin PBXVariantGroup section */
		3C49A4EF27902333003E5E27 /* Main.storyboard */ = {
			isa = PBXVariantGroup;
			children = (
				3C49A4F027902333003E5E27 /* Base */,
			);
			name = Main.storyboard;
			sourceTree = "<group>";
		};
		3C49A4F42790233B003E5E27 /* LaunchScreen.storyboard */ = {
			isa = PBXVariantGroup;
			children = (
				3C49A4F52790233B003E5E27 /* Base */,
			);
			name = LaunchScreen.storyboard;
			sourceTree = "<group>";
		};
/* End PBXVariantGroup section */

/* Begin XCBuildConfiguration section */
		3C49A4F82790233B003E5E27 /* Debug */ = {
			isa = XCBuildConfiguration;
			buildSettings = {
				ALWAYS_SEARCH_USER_PATHS = NO;
				CLANG_ANALYZER_NONNULL = YES;
				CLANG_ANALYZER_NUMBER_OBJECT_CONVERSION = YES_AGGRESSIVE;
				CLANG_CXX_LANGUAGE_STANDARD = "gnu++17";
				CLANG_CXX_LIBRARY = "libc++";
				CLANG_ENABLE_MODULES = YES;
				CLANG_ENABLE_OBJC_ARC = YES;
				CLANG_ENABLE_OBJC_WEAK = YES;
				CLANG_WARN_BLOCK_CAPTURE_AUTORELEASING = YES;
				CLANG_WARN_BOOL_CONVERSION = YES;
				CLANG_WARN_COMMA = YES;
				CLANG_WARN_CONSTANT_CONVERSION = YES;
				CLANG_WARN_DEPRECATED_OBJC_IMPLEMENTATIONS = YES;
				CLANG_WARN_DIRECT_OBJC_ISA_USAGE = YES_ERROR;
				CLANG_WARN_DOCUMENTATION_COMMENTS = YES;
				CLANG_WARN_EMPTY_BODY = YES;
				CLANG_WARN_ENUM_CONVERSION = YES;
				CLANG_WARN_INFINITE_RECURSION = YES;
				CLANG_WARN_INT_CONVERSION = YES;
				CLANG_WARN_NON_LITERAL_NULL_CONVERSION = YES;
				CLANG_WARN_OBJC_IMPLICIT_RETAIN_SELF = YES;
				CLANG_WARN_OBJC_LITERAL_CONVERSION = YES;
				CLANG_WARN_OBJC_ROOT_CLASS = YES_ERROR;
				CLANG_WARN_QUOTED_INCLUDE_IN_FRAMEWORK_HEADER = YES;
				CLANG_WARN_RANGE_LOOP_ANALYSIS = YES;
				CLANG_WARN_STRICT_PROTOTYPES = YES;
				CLANG_WARN_SUSPICIOUS_MOVE = YES;
				CLANG_WARN_UNGUARDED_AVAILABILITY = YES_AGGRESSIVE;
				CLANG_WARN_UNREACHABLE_CODE = YES;
				CLANG_WARN__DUPLICATE_METHOD_MATCH = YES;
				COPY_PHASE_STRIP = NO;
				DEBUG_INFORMATION_FORMAT = dwarf;
				ENABLE_STRICT_OBJC_MSGSEND = YES;
				ENABLE_TESTABILITY = YES;
				GCC_C_LANGUAGE_STANDARD = gnu11;
				GCC_DYNAMIC_NO_PIC = NO;
				GCC_NO_COMMON_BLOCKS = YES;
				GCC_OPTIMIZATION_LEVEL = 0;
				GCC_PREPROCESSOR_DEFINITIONS = (
					"DEBUG=1",
					"$(inherited)",
				);
				GCC_WARN_64_TO_32_BIT_CONVERSION = YES;
				GCC_WARN_ABOUT_RETURN_TYPE = YES_ERROR;
				GCC_WARN_UNDECLARED_SELECTOR = YES;
				GCC_WARN_UNINITIALIZED_AUTOS = YES_AGGRESSIVE;
				GCC_WARN_UNUSED_FUNCTION = YES;
				GCC_WARN_UNUSED_VARIABLE = YES;
				IPHONEOS_DEPLOYMENT_TARGET = 15.2;
				MTL_ENABLE_DEBUG_INFO = INCLUDE_SOURCE;
				MTL_FAST_MATH = YES;
				ONLY_ACTIVE_ARCH = YES;
				SDKROOT = iphoneos;
				SWIFT_ACTIVE_COMPILATION_CONDITIONS = DEBUG;
				SWIFT_OPTIMIZATION_LEVEL = "-Onone";
			};
			name = Debug;
		};
		3C49A4F92790233B003E5E27 /* Release */ = {
			isa = XCBuildConfiguration;
			buildSettings = {
				ALWAYS_SEARCH_USER_PATHS = NO;
				CLANG_ANALYZER_NONNULL = YES;
				CLANG_ANALYZER_NUMBER_OBJECT_CONVERSION = YES_AGGRESSIVE;
				CLANG_CXX_LANGUAGE_STANDARD = "gnu++17";
				CLANG_CXX_LIBRARY = "libc++";
				CLANG_ENABLE_MODULES = YES;
				CLANG_ENABLE_OBJC_ARC = YES;
				CLANG_ENABLE_OBJC_WEAK = YES;
				CLANG_WARN_BLOCK_CAPTURE_AUTORELEASING = YES;
				CLANG_WARN_BOOL_CONVERSION = YES;
				CLANG_WARN_COMMA = YES;
				CLANG_WARN_CONSTANT_CONVERSION = YES;
				CLANG_WARN_DEPRECATED_OBJC_IMPLEMENTATIONS = YES;
				CLANG_WARN_DIRECT_OBJC_ISA_USAGE = YES_ERROR;
				CLANG_WARN_DOCUMENTATION_COMMENTS = YES;
				CLANG_WARN_EMPTY_BODY = YES;
				CLANG_WARN_ENUM_CONVERSION = YES;
				CLANG_WARN_INFINITE_RECURSION = YES;
				CLANG_WARN_INT_CONVERSION = YES;
				CLANG_WARN_NON_LITERAL_NULL_CONVERSION = YES;
				CLANG_WARN_OBJC_IMPLICIT_RETAIN_SELF = YES;
				CLANG_WARN_OBJC_LITERAL_CONVERSION = YES;
				CLANG_WARN_OBJC_ROOT_CLASS = YES_ERROR;
				CLANG_WARN_QUOTED_INCLUDE_IN_FRAMEWORK_HEADER = YES;
				CLANG_WARN_RANGE_LOOP_ANALYSIS = YES;
				CLANG_WARN_STRICT_PROTOTYPES = YES;
				CLANG_WARN_SUSPICIOUS_MOVE = YES;
				CLANG_WARN_UNGUARDED_AVAILABILITY = YES_AGGRESSIVE;
				CLANG_WARN_UNREACHABLE_CODE = YES;
				CLANG_WARN__DUPLICATE_METHOD_MATCH = YES;
				COPY_PHASE_STRIP = NO;
				DEBUG_INFORMATION_FORMAT = "dwarf-with-dsym";
				ENABLE_NS_ASSERTIONS = NO;
				ENABLE_STRICT_OBJC_MSGSEND = YES;
				GCC_C_LANGUAGE_STANDARD = gnu11;
				GCC_NO_COMMON_BLOCKS = YES;
				GCC_WARN_64_TO_32_BIT_CONVERSION = YES;
				GCC_WARN_ABOUT_RETURN_TYPE = YES_ERROR;
				GCC_WARN_UNDECLARED_SELECTOR = YES;
				GCC_WARN_UNINITIALIZED_AUTOS = YES_AGGRESSIVE;
				GCC_WARN_UNUSED_FUNCTION = YES;
				GCC_WARN_UNUSED_VARIABLE = YES;
				IPHONEOS_DEPLOYMENT_TARGET = 15.2;
				MTL_ENABLE_DEBUG_INFO = NO;
				MTL_FAST_MATH = YES;
				SDKROOT = iphoneos;
				SWIFT_COMPILATION_MODE = wholemodule;
				SWIFT_OPTIMIZATION_LEVEL = "-O";
				VALIDATE_PRODUCT = YES;
			};
			name = Release;
		};
		3C49A4FB2790233B003E5E27 /* Debug */ = {
			isa = XCBuildConfiguration;
			buildSettings = {
				ASSETCATALOG_COMPILER_APPICON_NAME = AppIcon;
				ASSETCATALOG_COMPILER_GLOBAL_ACCENT_COLOR_NAME = AccentColor;
				CODE_SIGN_STYLE = Automatic;
				CURRENT_PROJECT_VERSION = 1;
				DEVELOPMENT_TEAM = JK424X8NDF;
				GENERATE_INFOPLIST_FILE = YES;
				INFOPLIST_FILE = project1/Info.plist;
				INFOPLIST_KEY_UIApplicationSupportsIndirectInputEvents = YES;
				INFOPLIST_KEY_UILaunchStoryboardName = LaunchScreen;
				INFOPLIST_KEY_UIMainStoryboardFile = Main;
				INFOPLIST_KEY_UISupportedInterfaceOrientations_iPad = "UIInterfaceOrientationPortrait UIInterfaceOrientationPortraitUpsideDown UIInterfaceOrientationLandscapeLeft UIInterfaceOrientationLandscapeRight";
				INFOPLIST_KEY_UISupportedInterfaceOrientations_iPhone = "UIInterfaceOrientationPortrait UIInterfaceOrientationLandscapeLeft UIInterfaceOrientationLandscapeRight";
				LD_RUNPATH_SEARCH_PATHS = (
					"$(inherited)",
					"@executable_path/Frameworks",
				);
				MARKETING_VERSION = 1.0;
				PRODUCT_BUNDLE_IDENTIFIER = uchicago.project1;
				PRODUCT_NAME = "$(TARGET_NAME)";
				SWIFT_EMIT_LOC_STRINGS = YES;
				SWIFT_VERSION = 5.0;
				TARGETED_DEVICE_FAMILY = "1,2";
			};
			name = Debug;
		};
		3C49A4FC2790233B003E5E27 /* Release */ = {
			isa = XCBuildConfiguration;
			buildSettings = {
				ASSETCATALOG_COMPILER_APPICON_NAME = AppIcon;
				ASSETCATALOG_COMPILER_GLOBAL_ACCENT_COLOR_NAME = AccentColor;
				CODE_SIGN_STYLE = Automatic;
				CURRENT_PROJECT_VERSION = 1;
				DEVELOPMENT_TEAM = JK424X8NDF;
				GENERATE_INFOPLIST_FILE = YES;
				INFOPLIST_FILE = project1/Info.plist;
				INFOPLIST_KEY_UIApplicationSupportsIndirectInputEvents = YES;
				INFOPLIST_KEY_UILaunchStoryboardName = LaunchScreen;
				INFOPLIST_KEY_UIMainStoryboardFile = Main;
				INFOPLIST_KEY_UISupportedInterfaceOrientations_iPad = "UIInterfaceOrientationPortrait UIInterfaceOrientationPortraitUpsideDown UIInterfaceOrientationLandscapeLeft UIInterfaceOrientationLandscapeRight";
				INFOPLIST_KEY_UISupportedInterfaceOrientations_iPhone = "UIInterfaceOrientationPortrait UIInterfaceOrientationLandscapeLeft UIInterfaceOrientationLandscapeRight";
				LD_RUNPATH_SEARCH_PATHS = (
					"$(inherited)",
					"@executable_path/Frameworks",
				);
				MARKETING_VERSION = 1.0;
				PRODUCT_BUNDLE_IDENTIFIER = uchicago.project1;
				PRODUCT_NAME = "$(TARGET_NAME)";
				SWIFT_EMIT_LOC_STRINGS = YES;
				SWIFT_VERSION = 5.0;
				TARGETED_DEVICE_FAMILY = "1,2";
			};
			name = Release;
		};
/* End XCBuildConfiguration section */

/* Begin XCConfigurationList section */
		3C49A4E127902333003E5E27 /* Build configuration list for PBXProject "project1" */ = {
			isa = XCConfigurationList;
			buildConfigurations = (
				3C49A4F82790233B003E5E27 /* Debug */,
				3C49A4F92790233B003E5E27 /* Release */,
			);
			defaultConfigurationIsVisible = 0;
			defaultConfigurationName = Release;
		};
		3C49A4FA2790233B003E5E27 /* Build configuration list for PBXNativeTarget "project1" */ = {
			isa = XCConfigurationList;
			buildConfigurations = (
				3C49A4FB2790233B003E5E27 /* Debug */,
				3C49A4FC2790233B003E5E27 /* Release */,
			);
			defaultConfigurationIsVisible = 0;
			defaultConfigurationName = Release;
		};
/* End XCConfigurationList section */
	};
	rootObject = 3C49A4DE27902333003E5E27 /* Project object */;
}
